
Microsoft Visual Studio Solution File, Format Version 12.00
# Visual Studio Version 17
VisualStudioVersion = 17.11.35327.3
MinimumVisualStudioVersion = 10.0.40219.1
Project("{9A19103F-16F7-4668-BE54-9A1E7A4F7556}") = "NorthWindFinal", "NorthWindFinal\NorthWindFinal.csproj", "{8B2BB89C-AB82-4E15-9417-81090FD3B22B}"
EndProject
Project("{FAE04EC0-301F-11D3-BF4B-00C04F79EFBC}") = "NorthWind.Entities", "NorthWind.Entities\NorthWind.Entities.csproj", "{F09DC889-41B5-4202-8680-DDA95AB975B2}"
EndProject
Project("{FAE04EC0-301F-11D3-BF4B-00C04F79EFBC}") = "NorthWind.Writters", "NorthWind.Writters\NorthWind.Writters.csproj", "{A00413EA-40C5-4C91-92C0-6ED1816523CA}"
EndProject
Project("{FAE04EC0-301F-11D3-BF4B-00C04F79EFBC}") = "NorthWind.Core", "NorthWind.Core\NorthWind.Core.csproj", "{07FE78C2-7266-4FE3-BF25-89A90A22A80B}"
EndProject
Project("{FAE04EC0-301F-11D3-BF4B-00C04F79EFBC}") = "NorthWind.IoC", "NorthWind.IoC\NorthWind.IoC.csproj", "{8C5D89CD-ED14-4924-9F82-295CE5D103D3}"
EndProject
Global
	GlobalSection(SolutionConfigurationPlatforms) = preSolution
		Debug|Any CPU = Debug|Any CPU
		Release|Any CPU = Release|Any CPU
	EndGlobalSection
	GlobalSection(ProjectConfigurationPlatforms) = postSolution
		{8B2BB89C-AB82-4E15-9417-81090FD3B22B}.Debug|Any CPU.ActiveCfg = Debug|Any CPU
		{8B2BB89C-AB82-4E15-9417-81090FD3B22B}.Debug|Any CPU.Build.0 = Debug|Any CPU
		{8B2BB89C-AB82-4E15-9417-81090FD3B22B}.Release|Any CPU.ActiveCfg = Release|Any CPU
		{8B2BB89C-AB82-4E15-9417-81090FD3B22B}.Release|Any CPU.Build.0 = Release|Any CPU
		{F09DC889-41B5-4202-8680-DDA95AB975B2}.Debug|Any CPU.ActiveCfg = Debug|Any CPU
		{F09DC889-41B5-4202-8680-DDA95AB975B2}.Debug|Any CPU.Build.0 = Debug|Any CPU
		{F09DC889-41B5-4202-8680-DDA95AB975B2}.Release|Any CPU.ActiveCfg = Release|Any CPU
		{F09DC889-41B5-4202-8680-DDA95AB975B2}.Release|Any CPU.Build.0 = Release|Any CPU
		{A00413EA-40C5-4C91-92C0-6ED1816523CA}.Debug|Any CPU.ActiveCfg = Debug|Any CPU
		{A00413EA-40C5-4C91-92C0-6ED1816523CA}.Debug|Any CPU.Build.0 = Debug|Any CPU
		{A00413EA-40C5-4C91-92C0-6ED1816523CA}.Release|Any CPU.ActiveCfg = Release|Any CPU
		{A00413EA-40C5-4C91-92C0-6ED1816523CA}.Release|Any CPU.Build.0 = Release|Any CPU
		{07FE78C2-7266-4FE3-BF25-89A90A22A80B}.Debug|Any CPU.ActiveCfg = Debug|Any CPU
		{07FE78C2-7266-4FE3-BF25-89A90A22A80B}.Debug|Any CPU.Build.0 = Debug|Any CPU
		{07FE78C2-7266-4FE3-BF25-89A90A22A80B}.Release|Any CPU.ActiveCfg = Release|Any CPU
		{07FE78C2-7266-4FE3-BF25-89A90A22A80B}.Release|Any CPU.Build.0 = Release|Any CPU
		{8C5D89CD-ED14-4924-9F82-295CE5D103D3}.Debug|Any CPU.ActiveCfg = Debug|Any CPU
		{8C5D89CD-ED14-4924-9F82-295CE5D103D3}.Debug|Any CPU.Build.0 = Debug|Any CPU
		{8C5D89CD-ED14-4924-9F82-295CE5D103D3}.Release|Any CPU.ActiveCfg = Release|Any CPU
		{8C5D89CD-ED14-4924-9F82-295CE5D103D3}.Release|Any CPU.Build.0 = Release|Any CPU
	EndGlobalSection
	GlobalSection(SolutionProperties) = preSolution
		HideSolutionNode = FALSE
	EndGlobalSection
	GlobalSection(ExtensibilityGlobals) = postSolution
		SolutionGuid = {2E17908C-EF62-4AE6-BCFA-BF5D85007D81}
	EndGlobalSection
EndGlobal
